
Microsoft Visual Studio Solution File, Format Version 12.00
# Visual Studio Version 17
VisualStudioVersion = 17.5.33414.496
MinimumVisualStudioVersion = 10.0.40219.1
Project("{FAE04EC0-301F-11D3-BF4B-00C04F79EFBC}") = "DeltaForce.OpenAI.DependencyInjection.Extentions", "DeltaForce.OpenAI.DependencyInjection.Extentions\DeltaForce.OpenAI.DependencyInjection.Extentions.csproj", "{61D774CC-8962-4D1A-933F-37A7E055823E}"
EndProject
Global
	GlobalSection(SolutionConfigurationPlatforms) = preSolution
		Debug|Any CPU = Debug|Any CPU
		Release|Any CPU = Release|Any CPU
	EndGlobalSection
	GlobalSection(ProjectConfigurationPlatforms) = postSolution
		{61D774CC-8962-4D1A-933F-37A7E055823E}.Debug|Any CPU.ActiveCfg = Debug|Any CPU
		{61D774CC-8962-4D1A-933F-37A7E055823E}.Debug|Any CPU.Build.0 = Debug|Any CPU
		{61D774CC-8962-4D1A-933F-37A7E055823E}.Release|Any CPU.ActiveCfg = Release|Any CPU
		{61D774CC-8962-4D1A-933F-37A7E055823E}.Release|Any CPU.Build.0 = Release|Any CPU
	EndGlobalSection
	GlobalSection(SolutionProperties) = preSolution
		HideSolutionNode = FALSE
	EndGlobalSection
	GlobalSection(ExtensibilityGlobals) = postSolution
		SolutionGuid = {929CE922-CEE1-40BC-952E-B3CF8F9AFEB0}
	EndGlobalSection
EndGlobal
