
Microsoft Visual Studio Solution File, Format Version 12.00
# Visual Studio Version 17
VisualStudioVersion = 17.5.33414.496
MinimumVisualStudioVersion = 10.0.40219.1
Project("{9A19103F-16F7-4668-BE54-9A1E7A4F7556}") = "DeltaForce.OpenAI.DeepLearingModelCL", "ClassLibrary\DeltaForce.OpenAI.DeepLearingModelCL.csproj", "{034BB1CA-A4C0-4C22-89D4-48F5E3FF5E40}"
EndProject
Project("{9A19103F-16F7-4668-BE54-9A1E7A4F7556}") = "Deep Learning Module", "ConsoleApp\Deep Learning Module.csproj", "{0AC3E2BF-408A-46DD-9D4C-A4555B3C3903}"
EndProject
Project("{9A19103F-16F7-4668-BE54-9A1E7A4F7556}") = "DeepLearningModel_WebApi", "WebApi\DeepLearningModel_WebApi.csproj", "{3CBFB982-C964-441E-9564-7EA1DBE284C0}"
EndProject
Global
	GlobalSection(SolutionConfigurationPlatforms) = preSolution
		Debug|Any CPU = Debug|Any CPU
		Release|Any CPU = Release|Any CPU
	EndGlobalSection
	GlobalSection(ProjectConfigurationPlatforms) = postSolution
		{034BB1CA-A4C0-4C22-89D4-48F5E3FF5E40}.Debug|Any CPU.ActiveCfg = Debug|Any CPU
		{034BB1CA-A4C0-4C22-89D4-48F5E3FF5E40}.Debug|Any CPU.Build.0 = Debug|Any CPU
		{034BB1CA-A4C0-4C22-89D4-48F5E3FF5E40}.Release|Any CPU.ActiveCfg = Release|Any CPU
		{034BB1CA-A4C0-4C22-89D4-48F5E3FF5E40}.Release|Any CPU.Build.0 = Release|Any CPU
		{0AC3E2BF-408A-46DD-9D4C-A4555B3C3903}.Debug|Any CPU.ActiveCfg = Debug|Any CPU
		{0AC3E2BF-408A-46DD-9D4C-A4555B3C3903}.Debug|Any CPU.Build.0 = Debug|Any CPU
		{0AC3E2BF-408A-46DD-9D4C-A4555B3C3903}.Release|Any CPU.ActiveCfg = Release|Any CPU
		{0AC3E2BF-408A-46DD-9D4C-A4555B3C3903}.Release|Any CPU.Build.0 = Release|Any CPU
		{3CBFB982-C964-441E-9564-7EA1DBE284C0}.Debug|Any CPU.ActiveCfg = Debug|Any CPU
		{3CBFB982-C964-441E-9564-7EA1DBE284C0}.Debug|Any CPU.Build.0 = Debug|Any CPU
		{3CBFB982-C964-441E-9564-7EA1DBE284C0}.Release|Any CPU.ActiveCfg = Release|Any CPU
		{3CBFB982-C964-441E-9564-7EA1DBE284C0}.Release|Any CPU.Build.0 = Release|Any CPU
	EndGlobalSection
	GlobalSection(SolutionProperties) = preSolution
		HideSolutionNode = FALSE
	EndGlobalSection
	GlobalSection(ExtensibilityGlobals) = postSolution
		SolutionGuid = {79585701-2110-45B8-B8A9-A99760BD6E20}
	EndGlobalSection
EndGlobal
