
Microsoft Visual Studio Solution File, Format Version 12.00
# Visual Studio Version 17
VisualStudioVersion = 17.5.33414.496
MinimumVisualStudioVersion = 10.0.40219.1
Project("{9A19103F-16F7-4668-BE54-9A1E7A4F7556}") = "Deep Learning Module", "Deep Learning Module\Deep Learning Module.csproj", "{6ACB5CDD-E514-425A-9AA7-A8392789F8B0}"
EndProject
Project("{9A19103F-16F7-4668-BE54-9A1E7A4F7556}") = "DeepLearningModel_WebApi", "DeepLearningModel_WebApi\DeepLearningModel_WebApi.csproj", "{DFDD75E3-40AB-429D-9BD3-3FA8A05E95C0}"
EndProject
Global
	GlobalSection(SolutionConfigurationPlatforms) = preSolution
		Debug|Any CPU = Debug|Any CPU
		Release|Any CPU = Release|Any CPU
	EndGlobalSection
	GlobalSection(ProjectConfigurationPlatforms) = postSolution
		{6ACB5CDD-E514-425A-9AA7-A8392789F8B0}.Debug|Any CPU.ActiveCfg = Debug|Any CPU
		{6ACB5CDD-E514-425A-9AA7-A8392789F8B0}.Debug|Any CPU.Build.0 = Debug|Any CPU
		{6ACB5CDD-E514-425A-9AA7-A8392789F8B0}.Release|Any CPU.ActiveCfg = Release|Any CPU
		{6ACB5CDD-E514-425A-9AA7-A8392789F8B0}.Release|Any CPU.Build.0 = Release|Any CPU
		{DFDD75E3-40AB-429D-9BD3-3FA8A05E95C0}.Debug|Any CPU.ActiveCfg = Debug|Any CPU
		{DFDD75E3-40AB-429D-9BD3-3FA8A05E95C0}.Debug|Any CPU.Build.0 = Debug|Any CPU
		{DFDD75E3-40AB-429D-9BD3-3FA8A05E95C0}.Release|Any CPU.ActiveCfg = Release|Any CPU
		{DFDD75E3-40AB-429D-9BD3-3FA8A05E95C0}.Release|Any CPU.Build.0 = Release|Any CPU
	EndGlobalSection
	GlobalSection(SolutionProperties) = preSolution
		HideSolutionNode = FALSE
	EndGlobalSection
	GlobalSection(ExtensibilityGlobals) = postSolution
		SolutionGuid = {79585701-2110-45B8-B8A9-A99760BD6E20}
	EndGlobalSection
EndGlobal
