
Microsoft Visual Studio Solution File, Format Version 12.00
# Visual Studio Version 17
VisualStudioVersion = 17.5.33414.496
MinimumVisualStudioVersion = 10.0.40219.1
Project("{FAE04EC0-301F-11D3-BF4B-00C04F79EFBC}") = "DeltaForce.OpenAI.Extentions", "DeltaForce.OpenAI.Extentions\DeltaForce.OpenAI.Extentions.csproj", "{B84F2034-1715-4D84-B51D-3617CC71F350}"
EndProject
Global
	GlobalSection(SolutionConfigurationPlatforms) = preSolution
		Debug|Any CPU = Debug|Any CPU
		Release|Any CPU = Release|Any CPU
	EndGlobalSection
	GlobalSection(ProjectConfigurationPlatforms) = postSolution
		{B84F2034-1715-4D84-B51D-3617CC71F350}.Debug|Any CPU.ActiveCfg = Debug|Any CPU
		{B84F2034-1715-4D84-B51D-3617CC71F350}.Debug|Any CPU.Build.0 = Debug|Any CPU
		{B84F2034-1715-4D84-B51D-3617CC71F350}.Release|Any CPU.ActiveCfg = Release|Any CPU
		{B84F2034-1715-4D84-B51D-3617CC71F350}.Release|Any CPU.Build.0 = Release|Any CPU
	EndGlobalSection
	GlobalSection(SolutionProperties) = preSolution
		HideSolutionNode = FALSE
	EndGlobalSection
	GlobalSection(ExtensibilityGlobals) = postSolution
		SolutionGuid = {EF5E38E4-53D2-455A-8DC2-893B1B776B13}
	EndGlobalSection
EndGlobal
